
Microsoft Visual Studio Solution File, Format Version 12.00
# Visual Studio 14
VisualStudioVersion = 14.0.24720.0
MinimumVisualStudioVersion = 10.0.40219.1
Project("{FAE04EC0-301F-11D3-BF4B-00C04F79EFBC}") = "MSP.Core", "MSP.Core\MSP.Core.csproj", "{8830E6CB-AA4F-4890-B326-8ADE3D01B79D}"
EndProject
Project("{2150E333-8FDC-42A3-9474-1A3956D46DE8}") = "Project", "Project", "{A0391277-E731-46A6-8405-22629AFAD91C}"
EndProject
Project("{2150E333-8FDC-42A3-9474-1A3956D46DE8}") = "Framework", "Framework", "{94A5B98B-C204-4A75-913C-B159AF5CA9CC}"
EndProject
Project("{FAE04EC0-301F-11D3-BF4B-00C04F79EFBC}") = "Spread.Application", "Spread.Application\Spread.Application.csproj", "{183BAF96-26F8-4BE3-BC5D-4EB44816331B}"
EndProject
Project("{FAE04EC0-301F-11D3-BF4B-00C04F79EFBC}") = "Spread.Core", "Spread.Core\Spread.Core.csproj", "{69B712D4-ABEA-4A55-8E4D-022DCDD64BEF}"
EndProject
Project("{FAE04EC0-301F-11D3-BF4B-00C04F79EFBC}") = "Spread.Data", "Spread.Data\Spread.Data.csproj", "{B70F1548-A182-44D9-97A2-7617EF36EB59}"
EndProject
Project("{FAE04EC0-301F-11D3-BF4B-00C04F79EFBC}") = "MSP.NHibernate", "MSP.NHibernate\MSP.NHibernate.csproj", "{F8523FC9-71E3-4E50-9AC0-F972484753ED}"
EndProject
Project("{FAE04EC0-301F-11D3-BF4B-00C04F79EFBC}") = "MSP.Mvc", "MSP.Mvc\MSP.Mvc.csproj", "{BB2498B7-AA9A-4AC8-B1EE-01FEE94D1479}"
EndProject
Project("{FAE04EC0-301F-11D3-BF4B-00C04F79EFBC}") = "Spread.Web", "Spread.Web\Spread.Web.csproj", "{138386C8-10A4-4914-B83F-022C342C3B7C}"
EndProject
Project("{2150E333-8FDC-42A3-9474-1A3956D46DE8}") = "Solution Items", "Solution Items", "{0A7B73B7-1B7A-4A7A-968C-2FE2BF561198}"
	ProjectSection(SolutionItems) = preProject
		Local.testsettings = Local.testsettings
	EndProjectSection
EndProject
Global
	GlobalSection(SolutionConfigurationPlatforms) = preSolution
		Debug|Any CPU = Debug|Any CPU
		Release|Any CPU = Release|Any CPU
	EndGlobalSection
	GlobalSection(ProjectConfigurationPlatforms) = postSolution
		{8830E6CB-AA4F-4890-B326-8ADE3D01B79D}.Debug|Any CPU.ActiveCfg = Debug|Any CPU
		{8830E6CB-AA4F-4890-B326-8ADE3D01B79D}.Debug|Any CPU.Build.0 = Debug|Any CPU
		{8830E6CB-AA4F-4890-B326-8ADE3D01B79D}.Release|Any CPU.ActiveCfg = Release|Any CPU
		{8830E6CB-AA4F-4890-B326-8ADE3D01B79D}.Release|Any CPU.Build.0 = Release|Any CPU
		{183BAF96-26F8-4BE3-BC5D-4EB44816331B}.Debug|Any CPU.ActiveCfg = Debug|Any CPU
		{183BAF96-26F8-4BE3-BC5D-4EB44816331B}.Debug|Any CPU.Build.0 = Debug|Any CPU
		{183BAF96-26F8-4BE3-BC5D-4EB44816331B}.Release|Any CPU.ActiveCfg = Release|Any CPU
		{183BAF96-26F8-4BE3-BC5D-4EB44816331B}.Release|Any CPU.Build.0 = Release|Any CPU
		{69B712D4-ABEA-4A55-8E4D-022DCDD64BEF}.Debug|Any CPU.ActiveCfg = Debug|Any CPU
		{69B712D4-ABEA-4A55-8E4D-022DCDD64BEF}.Debug|Any CPU.Build.0 = Debug|Any CPU
		{69B712D4-ABEA-4A55-8E4D-022DCDD64BEF}.Release|Any CPU.ActiveCfg = Release|Any CPU
		{69B712D4-ABEA-4A55-8E4D-022DCDD64BEF}.Release|Any CPU.Build.0 = Release|Any CPU
		{B70F1548-A182-44D9-97A2-7617EF36EB59}.Debug|Any CPU.ActiveCfg = Debug|Any CPU
		{B70F1548-A182-44D9-97A2-7617EF36EB59}.Debug|Any CPU.Build.0 = Debug|Any CPU
		{B70F1548-A182-44D9-97A2-7617EF36EB59}.Release|Any CPU.ActiveCfg = Release|Any CPU
		{B70F1548-A182-44D9-97A2-7617EF36EB59}.Release|Any CPU.Build.0 = Release|Any CPU
		{F8523FC9-71E3-4E50-9AC0-F972484753ED}.Debug|Any CPU.ActiveCfg = Debug|Any CPU
		{F8523FC9-71E3-4E50-9AC0-F972484753ED}.Debug|Any CPU.Build.0 = Debug|Any CPU
		{F8523FC9-71E3-4E50-9AC0-F972484753ED}.Release|Any CPU.ActiveCfg = Release|Any CPU
		{F8523FC9-71E3-4E50-9AC0-F972484753ED}.Release|Any CPU.Build.0 = Release|Any CPU
		{BB2498B7-AA9A-4AC8-B1EE-01FEE94D1479}.Debug|Any CPU.ActiveCfg = Debug|Any CPU
		{BB2498B7-AA9A-4AC8-B1EE-01FEE94D1479}.Debug|Any CPU.Build.0 = Debug|Any CPU
		{BB2498B7-AA9A-4AC8-B1EE-01FEE94D1479}.Release|Any CPU.ActiveCfg = Release|Any CPU
		{BB2498B7-AA9A-4AC8-B1EE-01FEE94D1479}.Release|Any CPU.Build.0 = Release|Any CPU
		{138386C8-10A4-4914-B83F-022C342C3B7C}.Debug|Any CPU.ActiveCfg = Debug|Any CPU
		{138386C8-10A4-4914-B83F-022C342C3B7C}.Debug|Any CPU.Build.0 = Debug|Any CPU
		{138386C8-10A4-4914-B83F-022C342C3B7C}.Release|Any CPU.ActiveCfg = Release|Any CPU
		{138386C8-10A4-4914-B83F-022C342C3B7C}.Release|Any CPU.Build.0 = Release|Any CPU
	EndGlobalSection
	GlobalSection(SolutionProperties) = preSolution
		HideSolutionNode = FALSE
	EndGlobalSection
	GlobalSection(NestedProjects) = preSolution
		{8830E6CB-AA4F-4890-B326-8ADE3D01B79D} = {94A5B98B-C204-4A75-913C-B159AF5CA9CC}
		{183BAF96-26F8-4BE3-BC5D-4EB44816331B} = {A0391277-E731-46A6-8405-22629AFAD91C}
		{69B712D4-ABEA-4A55-8E4D-022DCDD64BEF} = {A0391277-E731-46A6-8405-22629AFAD91C}
		{B70F1548-A182-44D9-97A2-7617EF36EB59} = {A0391277-E731-46A6-8405-22629AFAD91C}
		{F8523FC9-71E3-4E50-9AC0-F972484753ED} = {94A5B98B-C204-4A75-913C-B159AF5CA9CC}
		{BB2498B7-AA9A-4AC8-B1EE-01FEE94D1479} = {94A5B98B-C204-4A75-913C-B159AF5CA9CC}
		{138386C8-10A4-4914-B83F-022C342C3B7C} = {A0391277-E731-46A6-8405-22629AFAD91C}
		{0A7B73B7-1B7A-4A7A-968C-2FE2BF561198} = {A0391277-E731-46A6-8405-22629AFAD91C}
	EndGlobalSection
EndGlobal
